
Microsoft Visual Studio Solution File, Format Version 12.00
# Visual Studio Version 17
VisualStudioVersion = 17.14.36811.4 d17.14
MinimumVisualStudioVersion = 10.0.40219.1
Project("{FAE04EC0-301F-11D3-BF4B-00C04F79EFBC}") = "Local Password Manager", "Local Password Manager\Local Password Manager.csproj", "{366DA9DC-BFBB-4166-A048-3A8FFA530847}"
EndProject
Global
	GlobalSection(SolutionConfigurationPlatforms) = preSolution
		Debug|Any CPU = Debug|Any CPU
		Release|Any CPU = Release|Any CPU
	EndGlobalSection
	GlobalSection(ProjectConfigurationPlatforms) = postSolution
		{366DA9DC-BFBB-4166-A048-3A8FFA530847}.Debug|Any CPU.ActiveCfg = Debug|Any CPU
		{366DA9DC-BFBB-4166-A048-3A8FFA530847}.Debug|Any CPU.Build.0 = Debug|Any CPU
		{366DA9DC-BFBB-4166-A048-3A8FFA530847}.Release|Any CPU.ActiveCfg = Release|Any CPU
		{366DA9DC-BFBB-4166-A048-3A8FFA530847}.Release|Any CPU.Build.0 = Release|Any CPU
	EndGlobalSection
	GlobalSection(SolutionProperties) = preSolution
		HideSolutionNode = FALSE
	EndGlobalSection
	GlobalSection(ExtensibilityGlobals) = postSolution
		SolutionGuid = {FD09DC62-91CC-4BA0-98AA-D72F6AE72FD2}
	EndGlobalSection
EndGlobal
